
Microsoft Visual Studio Solution File, Format Version 12.00
# Visual Studio Version 17
VisualStudioVersion = 17.2.32519.379
MinimumVisualStudioVersion = 10.0.40219.1
Project("{9A19103F-16F7-4668-BE54-9A1E7A4F7556}") = "LinkedListTwins", "LinkedListTwins.csproj", "{6FAAB6CA-6F52-456E-90C3-DB8161CC4D19}"
EndProject
Project("{9A19103F-16F7-4668-BE54-9A1E7A4F7556}") = "Tests", "..\Tests\Tests.csproj", "{3197E73B-37E1-4C3F-992B-E1B5F71E6A89}"
EndProject
Project("{9A19103F-16F7-4668-BE54-9A1E7A4F7556}") = "Benchmarking", "..\Benchmarking\Benchmarking.csproj", "{31F29E6A-10E6-4978-BF07-D425F0488B0C}"
EndProject
Global
	GlobalSection(SolutionConfigurationPlatforms) = preSolution
		Debug|Any CPU = Debug|Any CPU
		Release|Any CPU = Release|Any CPU
	EndGlobalSection
	GlobalSection(ProjectConfigurationPlatforms) = postSolution
		{6FAAB6CA-6F52-456E-90C3-DB8161CC4D19}.Debug|Any CPU.ActiveCfg = Release|Any CPU
		{6FAAB6CA-6F52-456E-90C3-DB8161CC4D19}.Debug|Any CPU.Build.0 = Release|Any CPU
		{6FAAB6CA-6F52-456E-90C3-DB8161CC4D19}.Release|Any CPU.ActiveCfg = Release|Any CPU
		{6FAAB6CA-6F52-456E-90C3-DB8161CC4D19}.Release|Any CPU.Build.0 = Release|Any CPU
		{3197E73B-37E1-4C3F-992B-E1B5F71E6A89}.Debug|Any CPU.ActiveCfg = Release|Any CPU
		{3197E73B-37E1-4C3F-992B-E1B5F71E6A89}.Debug|Any CPU.Build.0 = Release|Any CPU
		{3197E73B-37E1-4C3F-992B-E1B5F71E6A89}.Release|Any CPU.ActiveCfg = Release|Any CPU
		{3197E73B-37E1-4C3F-992B-E1B5F71E6A89}.Release|Any CPU.Build.0 = Release|Any CPU
		{31F29E6A-10E6-4978-BF07-D425F0488B0C}.Debug|Any CPU.ActiveCfg = Release|Any CPU
		{31F29E6A-10E6-4978-BF07-D425F0488B0C}.Debug|Any CPU.Build.0 = Release|Any CPU
		{31F29E6A-10E6-4978-BF07-D425F0488B0C}.Release|Any CPU.ActiveCfg = Release|Any CPU
		{31F29E6A-10E6-4978-BF07-D425F0488B0C}.Release|Any CPU.Build.0 = Release|Any CPU
	EndGlobalSection
	GlobalSection(SolutionProperties) = preSolution
		HideSolutionNode = FALSE
	EndGlobalSection
	GlobalSection(ExtensibilityGlobals) = postSolution
		SolutionGuid = {0B0944EF-D42E-4DF5-A4DB-FD2941939371}
	EndGlobalSection
EndGlobal
